
Microsoft Visual Studio Solution File, Format Version 12.00
# Visual Studio 2013
VisualStudioVersion = 12.0.40629.0
MinimumVisualStudioVersion = 10.0.40219.1
Project("{8BC9CEB8-8B4A-11D0-8D11-00A0C91BC942}") = "Tree", "BinaryTree\BinaryTree.vcxproj", "{BF34FC28-0B1E-412A-A735-EB6796492F48}"
EndProject
Project("{8BC9CEB8-8B4A-11D0-8D11-00A0C91BC942}") = "创建和递归遍历二叉树", "ConsoleApplication1\ConsoleApplication1.vcxproj", "{8FA5C634-B757-49CC-AE77-3C9D018805B6}"
EndProject
Project("{8BC9CEB8-8B4A-11D0-8D11-00A0C91BC942}") = "二叉树结点个数", "二叉树结点个数\二叉树结点个数.vcxproj", "{7BA2138F-BD6D-4976-9C70-EC2AC2D9A0EA}"
EndProject
Project("{8BC9CEB8-8B4A-11D0-8D11-00A0C91BC942}") = "非递归先序中序遍历二叉树", "非递归先序中序遍历二叉树\非递归先序中序遍历二叉树.vcxproj", "{0D36E3E1-840E-4357-9B0E-1C67D1AB66B0}"
EndProject
Project("{8BC9CEB8-8B4A-11D0-8D11-00A0C91BC942}") = "层次遍历二叉树", "层次遍历二叉树\层次遍历二叉树.vcxproj", "{9623C2B1-DAA4-4939-A79D-EF80E96D3906}"
EndProject
Project("{8BC9CEB8-8B4A-11D0-8D11-00A0C91BC942}") = "依据先序中序遍历序列创建二叉树", "依据先序中序遍历序列创建二叉树\依据先序中序遍历序列创建二叉树.vcxproj", "{F1B4D6AA-FF00-4479-A44B-E6D33D2C437B}"
EndProject
Project("{8BC9CEB8-8B4A-11D0-8D11-00A0C91BC942}") = "K层叶子结点数目", "根结点到叶子结点的路径\根结点到叶子结点的路径.vcxproj", "{D0EFC189-4D0C-47F6-B39D-441E0F65A5F6}"
EndProject
Project("{8BC9CEB8-8B4A-11D0-8D11-00A0C91BC942}") = "二叉树根到所有叶子结点的路径", "二叉树根到所有叶子结点的路径\二叉树根到所有叶子结点的路径.vcxproj", "{17BAEA68-ED52-4AF0-837E-6A9CA6C1E5BB}"
EndProject
Global
	GlobalSection(SolutionConfigurationPlatforms) = preSolution
		Debug|ARM = Debug|ARM
		Debug|Mixed Platforms = Debug|Mixed Platforms
		Debug|Win32 = Debug|Win32
		Debug|x64 = Debug|x64
		Debug|x86 = Debug|x86
		Release|ARM = Release|ARM
		Release|Mixed Platforms = Release|Mixed Platforms
		Release|Win32 = Release|Win32
		Release|x64 = Release|x64
		Release|x86 = Release|x86
	EndGlobalSection
	GlobalSection(ProjectConfigurationPlatforms) = postSolution
		{BF34FC28-0B1E-412A-A735-EB6796492F48}.Debug|ARM.ActiveCfg = Debug|Win32
		{BF34FC28-0B1E-412A-A735-EB6796492F48}.Debug|Mixed Platforms.ActiveCfg = Debug|Win32
		{BF34FC28-0B1E-412A-A735-EB6796492F48}.Debug|Mixed Platforms.Build.0 = Debug|Win32
		{BF34FC28-0B1E-412A-A735-EB6796492F48}.Debug|Win32.ActiveCfg = Debug|Win32
		{BF34FC28-0B1E-412A-A735-EB6796492F48}.Debug|Win32.Build.0 = Debug|Win32
		{BF34FC28-0B1E-412A-A735-EB6796492F48}.Debug|x64.ActiveCfg = Debug|x64
		{BF34FC28-0B1E-412A-A735-EB6796492F48}.Debug|x64.Build.0 = Debug|x64
		{BF34FC28-0B1E-412A-A735-EB6796492F48}.Debug|x86.ActiveCfg = Debug|Win32
		{BF34FC28-0B1E-412A-A735-EB6796492F48}.Debug|x86.Build.0 = Debug|Win32
		{BF34FC28-0B1E-412A-A735-EB6796492F48}.Release|ARM.ActiveCfg = Release|Win32
		{BF34FC28-0B1E-412A-A735-EB6796492F48}.Release|Mixed Platforms.ActiveCfg = Release|Win32
		{BF34FC28-0B1E-412A-A735-EB6796492F48}.Release|Mixed Platforms.Build.0 = Release|Win32
		{BF34FC28-0B1E-412A-A735-EB6796492F48}.Release|Win32.ActiveCfg = Release|Win32
		{BF34FC28-0B1E-412A-A735-EB6796492F48}.Release|Win32.Build.0 = Release|Win32
		{BF34FC28-0B1E-412A-A735-EB6796492F48}.Release|x64.ActiveCfg = Release|x64
		{BF34FC28-0B1E-412A-A735-EB6796492F48}.Release|x64.Build.0 = Release|x64
		{BF34FC28-0B1E-412A-A735-EB6796492F48}.Release|x86.ActiveCfg = Release|Win32
		{BF34FC28-0B1E-412A-A735-EB6796492F48}.Release|x86.Build.0 = Release|Win32
		{8FA5C634-B757-49CC-AE77-3C9D018805B6}.Debug|ARM.ActiveCfg = Debug|Win32
		{8FA5C634-B757-49CC-AE77-3C9D018805B6}.Debug|Mixed Platforms.ActiveCfg = Debug|Win32
		{8FA5C634-B757-49CC-AE77-3C9D018805B6}.Debug|Mixed Platforms.Build.0 = Debug|Win32
		{8FA5C634-B757-49CC-AE77-3C9D018805B6}.Debug|Win32.ActiveCfg = Debug|Win32
		{8FA5C634-B757-49CC-AE77-3C9D018805B6}.Debug|Win32.Build.0 = Debug|Win32
		{8FA5C634-B757-49CC-AE77-3C9D018805B6}.Debug|x64.ActiveCfg = Debug|Win32
		{8FA5C634-B757-49CC-AE77-3C9D018805B6}.Debug|x86.ActiveCfg = Debug|Win32
		{8FA5C634-B757-49CC-AE77-3C9D018805B6}.Debug|x86.Build.0 = Debug|Win32
		{8FA5C634-B757-49CC-AE77-3C9D018805B6}.Release|ARM.ActiveCfg = Release|Win32
		{8FA5C634-B757-49CC-AE77-3C9D018805B6}.Release|Mixed Platforms.ActiveCfg = Release|Win32
		{8FA5C634-B757-49CC-AE77-3C9D018805B6}.Release|Mixed Platforms.Build.0 = Release|Win32
		{8FA5C634-B757-49CC-AE77-3C9D018805B6}.Release|Win32.ActiveCfg = Release|Win32
		{8FA5C634-B757-49CC-AE77-3C9D018805B6}.Release|Win32.Build.0 = Release|Win32
		{8FA5C634-B757-49CC-AE77-3C9D018805B6}.Release|x64.ActiveCfg = Release|Win32
		{8FA5C634-B757-49CC-AE77-3C9D018805B6}.Release|x86.ActiveCfg = Release|Win32
		{8FA5C634-B757-49CC-AE77-3C9D018805B6}.Release|x86.Build.0 = Release|Win32
		{7BA2138F-BD6D-4976-9C70-EC2AC2D9A0EA}.Debug|ARM.ActiveCfg = Debug|Win32
		{7BA2138F-BD6D-4976-9C70-EC2AC2D9A0EA}.Debug|Mixed Platforms.ActiveCfg = Debug|Win32
		{7BA2138F-BD6D-4976-9C70-EC2AC2D9A0EA}.Debug|Mixed Platforms.Build.0 = Debug|Win32
		{7BA2138F-BD6D-4976-9C70-EC2AC2D9A0EA}.Debug|Win32.ActiveCfg = Debug|Win32
		{7BA2138F-BD6D-4976-9C70-EC2AC2D9A0EA}.Debug|Win32.Build.0 = Debug|Win32
		{7BA2138F-BD6D-4976-9C70-EC2AC2D9A0EA}.Debug|x64.ActiveCfg = Debug|Win32
		{7BA2138F-BD6D-4976-9C70-EC2AC2D9A0EA}.Debug|x86.ActiveCfg = Debug|Win32
		{7BA2138F-BD6D-4976-9C70-EC2AC2D9A0EA}.Debug|x86.Build.0 = Debug|Win32
		{7BA2138F-BD6D-4976-9C70-EC2AC2D9A0EA}.Release|ARM.ActiveCfg = Release|Win32
		{7BA2138F-BD6D-4976-9C70-EC2AC2D9A0EA}.Release|Mixed Platforms.ActiveCfg = Release|Win32
		{7BA2138F-BD6D-4976-9C70-EC2AC2D9A0EA}.Release|Mixed Platforms.Build.0 = Release|Win32
		{7BA2138F-BD6D-4976-9C70-EC2AC2D9A0EA}.Release|Win32.ActiveCfg = Release|Win32
		{7BA2138F-BD6D-4976-9C70-EC2AC2D9A0EA}.Release|Win32.Build.0 = Release|Win32
		{7BA2138F-BD6D-4976-9C70-EC2AC2D9A0EA}.Release|x64.ActiveCfg = Release|Win32
		{7BA2138F-BD6D-4976-9C70-EC2AC2D9A0EA}.Release|x86.ActiveCfg = Release|Win32
		{7BA2138F-BD6D-4976-9C70-EC2AC2D9A0EA}.Release|x86.Build.0 = Release|Win32
		{0D36E3E1-840E-4357-9B0E-1C67D1AB66B0}.Debug|ARM.ActiveCfg = Debug|Win32
		{0D36E3E1-840E-4357-9B0E-1C67D1AB66B0}.Debug|Mixed Platforms.ActiveCfg = Debug|Win32
		{0D36E3E1-840E-4357-9B0E-1C67D1AB66B0}.Debug|Mixed Platforms.Build.0 = Debug|Win32
		{0D36E3E1-840E-4357-9B0E-1C67D1AB66B0}.Debug|Win32.ActiveCfg = Debug|Win32
		{0D36E3E1-840E-4357-9B0E-1C67D1AB66B0}.Debug|Win32.Build.0 = Debug|Win32
		{0D36E3E1-840E-4357-9B0E-1C67D1AB66B0}.Debug|x64.ActiveCfg = Debug|Win32
		{0D36E3E1-840E-4357-9B0E-1C67D1AB66B0}.Debug|x86.ActiveCfg = Debug|Win32
		{0D36E3E1-840E-4357-9B0E-1C67D1AB66B0}.Debug|x86.Build.0 = Debug|Win32
		{0D36E3E1-840E-4357-9B0E-1C67D1AB66B0}.Release|ARM.ActiveCfg = Release|Win32
		{0D36E3E1-840E-4357-9B0E-1C67D1AB66B0}.Release|Mixed Platforms.ActiveCfg = Release|Win32
		{0D36E3E1-840E-4357-9B0E-1C67D1AB66B0}.Release|Mixed Platforms.Build.0 = Release|Win32
		{0D36E3E1-840E-4357-9B0E-1C67D1AB66B0}.Release|Win32.ActiveCfg = Release|Win32
		{0D36E3E1-840E-4357-9B0E-1C67D1AB66B0}.Release|Win32.Build.0 = Release|Win32
		{0D36E3E1-840E-4357-9B0E-1C67D1AB66B0}.Release|x64.ActiveCfg = Release|Win32
		{0D36E3E1-840E-4357-9B0E-1C67D1AB66B0}.Release|x86.ActiveCfg = Release|Win32
		{0D36E3E1-840E-4357-9B0E-1C67D1AB66B0}.Release|x86.Build.0 = Release|Win32
		{9623C2B1-DAA4-4939-A79D-EF80E96D3906}.Debug|ARM.ActiveCfg = Debug|Win32
		{9623C2B1-DAA4-4939-A79D-EF80E96D3906}.Debug|Mixed Platforms.ActiveCfg = Debug|Win32
		{9623C2B1-DAA4-4939-A79D-EF80E96D3906}.Debug|Mixed Platforms.Build.0 = Debug|Win32
		{9623C2B1-DAA4-4939-A79D-EF80E96D3906}.Debug|Win32.ActiveCfg = Debug|Win32
		{9623C2B1-DAA4-4939-A79D-EF80E96D3906}.Debug|Win32.Build.0 = Debug|Win32
		{9623C2B1-DAA4-4939-A79D-EF80E96D3906}.Debug|x64.ActiveCfg = Debug|Win32
		{9623C2B1-DAA4-4939-A79D-EF80E96D3906}.Debug|x86.ActiveCfg = Debug|Win32
		{9623C2B1-DAA4-4939-A79D-EF80E96D3906}.Debug|x86.Build.0 = Debug|Win32
		{9623C2B1-DAA4-4939-A79D-EF80E96D3906}.Release|ARM.ActiveCfg = Release|Win32
		{9623C2B1-DAA4-4939-A79D-EF80E96D3906}.Release|Mixed Platforms.ActiveCfg = Release|Win32
		{9623C2B1-DAA4-4939-A79D-EF80E96D3906}.Release|Mixed Platforms.Build.0 = Release|Win32
		{9623C2B1-DAA4-4939-A79D-EF80E96D3906}.Release|Win32.ActiveCfg = Release|Win32
		{9623C2B1-DAA4-4939-A79D-EF80E96D3906}.Release|Win32.Build.0 = Release|Win32
		{9623C2B1-DAA4-4939-A79D-EF80E96D3906}.Release|x64.ActiveCfg = Release|Win32
		{9623C2B1-DAA4-4939-A79D-EF80E96D3906}.Release|x86.ActiveCfg = Release|Win32
		{9623C2B1-DAA4-4939-A79D-EF80E96D3906}.Release|x86.Build.0 = Release|Win32
		{F1B4D6AA-FF00-4479-A44B-E6D33D2C437B}.Debug|ARM.ActiveCfg = Debug|Win32
		{F1B4D6AA-FF00-4479-A44B-E6D33D2C437B}.Debug|Mixed Platforms.ActiveCfg = Debug|Win32
		{F1B4D6AA-FF00-4479-A44B-E6D33D2C437B}.Debug|Mixed Platforms.Build.0 = Debug|Win32
		{F1B4D6AA-FF00-4479-A44B-E6D33D2C437B}.Debug|Win32.ActiveCfg = Debug|Win32
		{F1B4D6AA-FF00-4479-A44B-E6D33D2C437B}.Debug|Win32.Build.0 = Debug|Win32
		{F1B4D6AA-FF00-4479-A44B-E6D33D2C437B}.Debug|x64.ActiveCfg = Debug|Win32
		{F1B4D6AA-FF00-4479-A44B-E6D33D2C437B}.Debug|x86.ActiveCfg = Debug|Win32
		{F1B4D6AA-FF00-4479-A44B-E6D33D2C437B}.Debug|x86.Build.0 = Debug|Win32
		{F1B4D6AA-FF00-4479-A44B-E6D33D2C437B}.Release|ARM.ActiveCfg = Release|Win32
		{F1B4D6AA-FF00-4479-A44B-E6D33D2C437B}.Release|Mixed Platforms.ActiveCfg = Release|Win32
		{F1B4D6AA-FF00-4479-A44B-E6D33D2C437B}.Release|Mixed Platforms.Build.0 = Release|Win32
		{F1B4D6AA-FF00-4479-A44B-E6D33D2C437B}.Release|Win32.ActiveCfg = Release|Win32
		{F1B4D6AA-FF00-4479-A44B-E6D33D2C437B}.Release|Win32.Build.0 = Release|Win32
		{F1B4D6AA-FF00-4479-A44B-E6D33D2C437B}.Release|x64.ActiveCfg = Release|Win32
		{F1B4D6AA-FF00-4479-A44B-E6D33D2C437B}.Release|x86.ActiveCfg = Release|Win32
		{F1B4D6AA-FF00-4479-A44B-E6D33D2C437B}.Release|x86.Build.0 = Release|Win32
		{D0EFC189-4D0C-47F6-B39D-441E0F65A5F6}.Debug|ARM.ActiveCfg = Debug|Win32
		{D0EFC189-4D0C-47F6-B39D-441E0F65A5F6}.Debug|Mixed Platforms.ActiveCfg = Debug|Win32
		{D0EFC189-4D0C-47F6-B39D-441E0F65A5F6}.Debug|Mixed Platforms.Build.0 = Debug|Win32
		{D0EFC189-4D0C-47F6-B39D-441E0F65A5F6}.Debug|Win32.ActiveCfg = Debug|Win32
		{D0EFC189-4D0C-47F6-B39D-441E0F65A5F6}.Debug|Win32.Build.0 = Debug|Win32
		{D0EFC189-4D0C-47F6-B39D-441E0F65A5F6}.Debug|x64.ActiveCfg = Debug|Win32
		{D0EFC189-4D0C-47F6-B39D-441E0F65A5F6}.Debug|x86.ActiveCfg = Debug|Win32
		{D0EFC189-4D0C-47F6-B39D-441E0F65A5F6}.Debug|x86.Build.0 = Debug|Win32
		{D0EFC189-4D0C-47F6-B39D-441E0F65A5F6}.Release|ARM.ActiveCfg = Release|Win32
		{D0EFC189-4D0C-47F6-B39D-441E0F65A5F6}.Release|Mixed Platforms.ActiveCfg = Release|Win32
		{D0EFC189-4D0C-47F6-B39D-441E0F65A5F6}.Release|Mixed Platforms.Build.0 = Release|Win32
		{D0EFC189-4D0C-47F6-B39D-441E0F65A5F6}.Release|Win32.ActiveCfg = Release|Win32
		{D0EFC189-4D0C-47F6-B39D-441E0F65A5F6}.Release|Win32.Build.0 = Release|Win32
		{D0EFC189-4D0C-47F6-B39D-441E0F65A5F6}.Release|x64.ActiveCfg = Release|Win32
		{D0EFC189-4D0C-47F6-B39D-441E0F65A5F6}.Release|x86.ActiveCfg = Release|Win32
		{D0EFC189-4D0C-47F6-B39D-441E0F65A5F6}.Release|x86.Build.0 = Release|Win32
		{17BAEA68-ED52-4AF0-837E-6A9CA6C1E5BB}.Debug|ARM.ActiveCfg = Debug|Win32
		{17BAEA68-ED52-4AF0-837E-6A9CA6C1E5BB}.Debug|Mixed Platforms.ActiveCfg = Debug|Win32
		{17BAEA68-ED52-4AF0-837E-6A9CA6C1E5BB}.Debug|Mixed Platforms.Build.0 = Debug|Win32
		{17BAEA68-ED52-4AF0-837E-6A9CA6C1E5BB}.Debug|Win32.ActiveCfg = Debug|Win32
		{17BAEA68-ED52-4AF0-837E-6A9CA6C1E5BB}.Debug|Win32.Build.0 = Debug|Win32
		{17BAEA68-ED52-4AF0-837E-6A9CA6C1E5BB}.Debug|x64.ActiveCfg = Debug|Win32
		{17BAEA68-ED52-4AF0-837E-6A9CA6C1E5BB}.Debug|x86.ActiveCfg = Debug|Win32
		{17BAEA68-ED52-4AF0-837E-6A9CA6C1E5BB}.Debug|x86.Build.0 = Debug|Win32
		{17BAEA68-ED52-4AF0-837E-6A9CA6C1E5BB}.Release|ARM.ActiveCfg = Release|Win32
		{17BAEA68-ED52-4AF0-837E-6A9CA6C1E5BB}.Release|Mixed Platforms.ActiveCfg = Release|Win32
		{17BAEA68-ED52-4AF0-837E-6A9CA6C1E5BB}.Release|Mixed Platforms.Build.0 = Release|Win32
		{17BAEA68-ED52-4AF0-837E-6A9CA6C1E5BB}.Release|Win32.ActiveCfg = Release|Win32
		{17BAEA68-ED52-4AF0-837E-6A9CA6C1E5BB}.Release|Win32.Build.0 = Release|Win32
		{17BAEA68-ED52-4AF0-837E-6A9CA6C1E5BB}.Release|x64.ActiveCfg = Release|Win32
		{17BAEA68-ED52-4AF0-837E-6A9CA6C1E5BB}.Release|x86.ActiveCfg = Release|Win32
		{17BAEA68-ED52-4AF0-837E-6A9CA6C1E5BB}.Release|x86.Build.0 = Release|Win32
	EndGlobalSection
	GlobalSection(SolutionProperties) = preSolution
		HideSolutionNode = FALSE
	EndGlobalSection
EndGlobal
